
Microsoft Visual Studio Solution File, Format Version 12.00
# Visual Studio 15
VisualStudioVersion = 15.0.28010.2046
MinimumVisualStudioVersion = 10.0.40219.1
Project("{FAE04EC0-301F-11D3-BF4B-00C04F79EFBC}") = "Bank", "Bank\Bank.csproj", "{FAA2B8DC-B334-406A-812D-7266C13A525B}"
EndProject
Project("{FAE04EC0-301F-11D3-BF4B-00C04F79EFBC}") = "BankConsole", "BankConsole\BankConsole.csproj", "{2ED73A29-2EDE-4545-8A98-F3CCEA789DCB}"
EndProject
Global
	GlobalSection(SolutionConfigurationPlatforms) = preSolution
		Debug|Any CPU = Debug|Any CPU
		Release|Any CPU = Release|Any CPU
	EndGlobalSection
	GlobalSection(ProjectConfigurationPlatforms) = postSolution
		{FAA2B8DC-B334-406A-812D-7266C13A525B}.Debug|Any CPU.ActiveCfg = Debug|Any CPU
		{FAA2B8DC-B334-406A-812D-7266C13A525B}.Debug|Any CPU.Build.0 = Debug|Any CPU
		{FAA2B8DC-B334-406A-812D-7266C13A525B}.Release|Any CPU.ActiveCfg = Release|Any CPU
		{FAA2B8DC-B334-406A-812D-7266C13A525B}.Release|Any CPU.Build.0 = Release|Any CPU
		{2ED73A29-2EDE-4545-8A98-F3CCEA789DCB}.Debug|Any CPU.ActiveCfg = Debug|Any CPU
		{2ED73A29-2EDE-4545-8A98-F3CCEA789DCB}.Debug|Any CPU.Build.0 = Debug|Any CPU
		{2ED73A29-2EDE-4545-8A98-F3CCEA789DCB}.Release|Any CPU.ActiveCfg = Release|Any CPU
		{2ED73A29-2EDE-4545-8A98-F3CCEA789DCB}.Release|Any CPU.Build.0 = Release|Any CPU
	EndGlobalSection
	GlobalSection(SolutionProperties) = preSolution
		HideSolutionNode = FALSE
	EndGlobalSection
	GlobalSection(ExtensibilityGlobals) = postSolution
		SolutionGuid = {51C1C0C0-55BA-4D4E-9C24-B5901678D168}
	EndGlobalSection
EndGlobal
