
Microsoft Visual Studio Solution File, Format Version 12.00
# Visual Studio 15
VisualStudioVersion = 15.0.28010.2019
MinimumVisualStudioVersion = 10.0.40219.1
Project("{FAE04EC0-301F-11D3-BF4B-00C04F79EFBC}") = "DoubleArrayExtension.Tests", "DoubleArrayExtension.Tests\DoubleArrayExtension.Tests.csproj", "{8F3F641F-94A7-4F9F-8A22-0A71FA049F10}"
EndProject
Project("{FAE04EC0-301F-11D3-BF4B-00C04F79EFBC}") = "DoubleArrayExtension", "DoubleArrayExtension\DoubleArrayExtension.csproj", "{90387EDE-5B73-4467-BA90-9350F3C7135E}"
EndProject
Project("{FAE04EC0-301F-11D3-BF4B-00C04F79EFBC}") = "DoubleExtension", "DoubleExtension\DoubleExtension.csproj", "{F092477D-A92B-4AF4-8833-A96C2BCC5CAC}"
EndProject
Project("{FAE04EC0-301F-11D3-BF4B-00C04F79EFBC}") = "DoubleExtension.Tests", "DoubleExtension.Tests\DoubleExtension.Tests.csproj", "{133375F3-FA69-4959-B50D-2D33BF017B23}"
EndProject
Global
	GlobalSection(SolutionConfigurationPlatforms) = preSolution
		Debug|Any CPU = Debug|Any CPU
		Release|Any CPU = Release|Any CPU
	EndGlobalSection
	GlobalSection(ProjectConfigurationPlatforms) = postSolution
		{8F3F641F-94A7-4F9F-8A22-0A71FA049F10}.Debug|Any CPU.ActiveCfg = Debug|Any CPU
		{8F3F641F-94A7-4F9F-8A22-0A71FA049F10}.Debug|Any CPU.Build.0 = Debug|Any CPU
		{8F3F641F-94A7-4F9F-8A22-0A71FA049F10}.Release|Any CPU.ActiveCfg = Release|Any CPU
		{8F3F641F-94A7-4F9F-8A22-0A71FA049F10}.Release|Any CPU.Build.0 = Release|Any CPU
		{90387EDE-5B73-4467-BA90-9350F3C7135E}.Debug|Any CPU.ActiveCfg = Debug|Any CPU
		{90387EDE-5B73-4467-BA90-9350F3C7135E}.Debug|Any CPU.Build.0 = Debug|Any CPU
		{90387EDE-5B73-4467-BA90-9350F3C7135E}.Release|Any CPU.ActiveCfg = Release|Any CPU
		{90387EDE-5B73-4467-BA90-9350F3C7135E}.Release|Any CPU.Build.0 = Release|Any CPU
		{F092477D-A92B-4AF4-8833-A96C2BCC5CAC}.Debug|Any CPU.ActiveCfg = Debug|Any CPU
		{F092477D-A92B-4AF4-8833-A96C2BCC5CAC}.Debug|Any CPU.Build.0 = Debug|Any CPU
		{F092477D-A92B-4AF4-8833-A96C2BCC5CAC}.Release|Any CPU.ActiveCfg = Release|Any CPU
		{F092477D-A92B-4AF4-8833-A96C2BCC5CAC}.Release|Any CPU.Build.0 = Release|Any CPU
		{133375F3-FA69-4959-B50D-2D33BF017B23}.Debug|Any CPU.ActiveCfg = Debug|Any CPU
		{133375F3-FA69-4959-B50D-2D33BF017B23}.Debug|Any CPU.Build.0 = Debug|Any CPU
		{133375F3-FA69-4959-B50D-2D33BF017B23}.Release|Any CPU.ActiveCfg = Release|Any CPU
		{133375F3-FA69-4959-B50D-2D33BF017B23}.Release|Any CPU.Build.0 = Release|Any CPU
	EndGlobalSection
	GlobalSection(SolutionProperties) = preSolution
		HideSolutionNode = FALSE
	EndGlobalSection
	GlobalSection(ExtensibilityGlobals) = postSolution
		SolutionGuid = {9D914CE8-8F7A-4D57-BEDC-36C1E59ED81F}
	EndGlobalSection
EndGlobal
