
Microsoft Visual Studio Solution File, Format Version 12.00
# Visual Studio 15
VisualStudioVersion = 15.0.28010.2046
MinimumVisualStudioVersion = 10.0.40219.1
Project("{FAE04EC0-301F-11D3-BF4B-00C04F79EFBC}") = "Timer", "Timer\Timer.csproj", "{F8F5B225-236A-4E8D-9AF4-C6E847476042}"
EndProject
Project("{FAE04EC0-301F-11D3-BF4B-00C04F79EFBC}") = "TimerConsole", "TimerConsole\TimerConsole.csproj", "{34DC7666-DED5-4698-B631-E8D983087151}"
EndProject
Global
	GlobalSection(SolutionConfigurationPlatforms) = preSolution
		Debug|Any CPU = Debug|Any CPU
		Release|Any CPU = Release|Any CPU
	EndGlobalSection
	GlobalSection(ProjectConfigurationPlatforms) = postSolution
		{F8F5B225-236A-4E8D-9AF4-C6E847476042}.Debug|Any CPU.ActiveCfg = Debug|Any CPU
		{F8F5B225-236A-4E8D-9AF4-C6E847476042}.Debug|Any CPU.Build.0 = Debug|Any CPU
		{F8F5B225-236A-4E8D-9AF4-C6E847476042}.Release|Any CPU.ActiveCfg = Release|Any CPU
		{F8F5B225-236A-4E8D-9AF4-C6E847476042}.Release|Any CPU.Build.0 = Release|Any CPU
		{34DC7666-DED5-4698-B631-E8D983087151}.Debug|Any CPU.ActiveCfg = Debug|Any CPU
		{34DC7666-DED5-4698-B631-E8D983087151}.Debug|Any CPU.Build.0 = Debug|Any CPU
		{34DC7666-DED5-4698-B631-E8D983087151}.Release|Any CPU.ActiveCfg = Release|Any CPU
		{34DC7666-DED5-4698-B631-E8D983087151}.Release|Any CPU.Build.0 = Release|Any CPU
	EndGlobalSection
	GlobalSection(SolutionProperties) = preSolution
		HideSolutionNode = FALSE
	EndGlobalSection
	GlobalSection(ExtensibilityGlobals) = postSolution
		SolutionGuid = {9D591E57-C81A-4E80-A752-E3F97E2377F1}
	EndGlobalSection
EndGlobal
