
Microsoft Visual Studio Solution File, Format Version 12.00
# Visual Studio 15
VisualStudioVersion = 15.0.28010.2046
MinimumVisualStudioVersion = 10.0.40219.1
Project("{FAE04EC0-301F-11D3-BF4B-00C04F79EFBC}") = "Collections", "Collections\Collections.csproj", "{6846B869-481F-48E5-B6AA-290740F663C0}"
EndProject
Project("{FAE04EC0-301F-11D3-BF4B-00C04F79EFBC}") = "Collections.Tests", "Collections.Tests\Collections.Tests.csproj", "{B426831C-12B4-4FD1-9F19-05BBEC1FF102}"
EndProject
Project("{FAE04EC0-301F-11D3-BF4B-00C04F79EFBC}") = "BookLibrary", "..\..\ExtTraining.Autumn.2018.1\BookLibrary\BookLibrary.csproj", "{2A12C994-924F-43DE-A680-973FFEB02062}"
EndProject
Global
	GlobalSection(SolutionConfigurationPlatforms) = preSolution
		Debug|Any CPU = Debug|Any CPU
		Release|Any CPU = Release|Any CPU
	EndGlobalSection
	GlobalSection(ProjectConfigurationPlatforms) = postSolution
		{6846B869-481F-48E5-B6AA-290740F663C0}.Debug|Any CPU.ActiveCfg = Debug|Any CPU
		{6846B869-481F-48E5-B6AA-290740F663C0}.Debug|Any CPU.Build.0 = Debug|Any CPU
		{6846B869-481F-48E5-B6AA-290740F663C0}.Release|Any CPU.ActiveCfg = Release|Any CPU
		{6846B869-481F-48E5-B6AA-290740F663C0}.Release|Any CPU.Build.0 = Release|Any CPU
		{B426831C-12B4-4FD1-9F19-05BBEC1FF102}.Debug|Any CPU.ActiveCfg = Debug|Any CPU
		{B426831C-12B4-4FD1-9F19-05BBEC1FF102}.Debug|Any CPU.Build.0 = Debug|Any CPU
		{B426831C-12B4-4FD1-9F19-05BBEC1FF102}.Release|Any CPU.ActiveCfg = Release|Any CPU
		{B426831C-12B4-4FD1-9F19-05BBEC1FF102}.Release|Any CPU.Build.0 = Release|Any CPU
		{2A12C994-924F-43DE-A680-973FFEB02062}.Debug|Any CPU.ActiveCfg = Debug|Any CPU
		{2A12C994-924F-43DE-A680-973FFEB02062}.Debug|Any CPU.Build.0 = Debug|Any CPU
		{2A12C994-924F-43DE-A680-973FFEB02062}.Release|Any CPU.ActiveCfg = Release|Any CPU
		{2A12C994-924F-43DE-A680-973FFEB02062}.Release|Any CPU.Build.0 = Release|Any CPU
	EndGlobalSection
	GlobalSection(SolutionProperties) = preSolution
		HideSolutionNode = FALSE
	EndGlobalSection
	GlobalSection(ExtensibilityGlobals) = postSolution
		SolutionGuid = {316CFDA4-FC27-441B-B053-4FD9C231C288}
	EndGlobalSection
EndGlobal
