
Microsoft Visual Studio Solution File, Format Version 12.00
# Visual Studio 15
VisualStudioVersion = 15.0.28010.2019
MinimumVisualStudioVersion = 10.0.40219.1
Project("{FAE04EC0-301F-11D3-BF4B-00C04F79EFBC}") = "SortingOptions", "SortingOptions\SortingOptions.csproj", "{7E7B61CF-FD77-4A19-B5E5-2A54C7DB8B5C}"
EndProject
Project("{9A19103F-16F7-4668-BE54-9A1E7A4F7556}") = "SortingOptions.Tests", "SortingOptions.Tests\SortingOptions.Tests.csproj", "{7F932BA1-661A-4C46-A3B0-B29295F8BE72}"
EndProject
Project("{FAE04EC0-301F-11D3-BF4B-00C04F79EFBC}") = "SortingOptions.NUnitTests", "SortingOptions.NUnitTests\SortingOptions.NUnitTests.csproj", "{BD9AC961-83C8-4D51-BFF2-4EC8DA735896}"
EndProject
Project("{FAE04EC0-301F-11D3-BF4B-00C04F79EFBC}") = "InsertNumberLogic", "InsertNumberLogic\InsertNumberLogic.csproj", "{D5808AF9-0F9D-488A-980C-0012C19DE809}"
EndProject
Project("{FAE04EC0-301F-11D3-BF4B-00C04F79EFBC}") = "InsertNumberLogic.Tests", "InsertNumberLogic.Tests\InsertNumberLogic.Tests.csproj", "{3FA8AE2F-24AD-4BD1-B8D1-31AFAA1999A3}"
EndProject
Project("{FAE04EC0-301F-11D3-BF4B-00C04F79EFBC}") = "InsertNumberLogic.NUnitTests", "InsertNumberLogic.NUnitTests\InsertNumberLogic.NUnitTests.csproj", "{CA32E296-7353-4033-B740-C9A4A6AF0E64}"
EndProject
Global
	GlobalSection(SolutionConfigurationPlatforms) = preSolution
		Debug|Any CPU = Debug|Any CPU
		Release|Any CPU = Release|Any CPU
	EndGlobalSection
	GlobalSection(ProjectConfigurationPlatforms) = postSolution
		{7E7B61CF-FD77-4A19-B5E5-2A54C7DB8B5C}.Debug|Any CPU.ActiveCfg = Debug|Any CPU
		{7E7B61CF-FD77-4A19-B5E5-2A54C7DB8B5C}.Debug|Any CPU.Build.0 = Debug|Any CPU
		{7E7B61CF-FD77-4A19-B5E5-2A54C7DB8B5C}.Release|Any CPU.ActiveCfg = Release|Any CPU
		{7E7B61CF-FD77-4A19-B5E5-2A54C7DB8B5C}.Release|Any CPU.Build.0 = Release|Any CPU
		{7F932BA1-661A-4C46-A3B0-B29295F8BE72}.Debug|Any CPU.ActiveCfg = Debug|Any CPU
		{7F932BA1-661A-4C46-A3B0-B29295F8BE72}.Debug|Any CPU.Build.0 = Debug|Any CPU
		{7F932BA1-661A-4C46-A3B0-B29295F8BE72}.Release|Any CPU.ActiveCfg = Release|Any CPU
		{7F932BA1-661A-4C46-A3B0-B29295F8BE72}.Release|Any CPU.Build.0 = Release|Any CPU
		{BD9AC961-83C8-4D51-BFF2-4EC8DA735896}.Debug|Any CPU.ActiveCfg = Debug|Any CPU
		{BD9AC961-83C8-4D51-BFF2-4EC8DA735896}.Debug|Any CPU.Build.0 = Debug|Any CPU
		{BD9AC961-83C8-4D51-BFF2-4EC8DA735896}.Release|Any CPU.ActiveCfg = Release|Any CPU
		{BD9AC961-83C8-4D51-BFF2-4EC8DA735896}.Release|Any CPU.Build.0 = Release|Any CPU
		{D5808AF9-0F9D-488A-980C-0012C19DE809}.Debug|Any CPU.ActiveCfg = Debug|Any CPU
		{D5808AF9-0F9D-488A-980C-0012C19DE809}.Debug|Any CPU.Build.0 = Debug|Any CPU
		{D5808AF9-0F9D-488A-980C-0012C19DE809}.Release|Any CPU.ActiveCfg = Release|Any CPU
		{D5808AF9-0F9D-488A-980C-0012C19DE809}.Release|Any CPU.Build.0 = Release|Any CPU
		{3FA8AE2F-24AD-4BD1-B8D1-31AFAA1999A3}.Debug|Any CPU.ActiveCfg = Debug|Any CPU
		{3FA8AE2F-24AD-4BD1-B8D1-31AFAA1999A3}.Debug|Any CPU.Build.0 = Debug|Any CPU
		{3FA8AE2F-24AD-4BD1-B8D1-31AFAA1999A3}.Release|Any CPU.ActiveCfg = Release|Any CPU
		{3FA8AE2F-24AD-4BD1-B8D1-31AFAA1999A3}.Release|Any CPU.Build.0 = Release|Any CPU
		{CA32E296-7353-4033-B740-C9A4A6AF0E64}.Debug|Any CPU.ActiveCfg = Debug|Any CPU
		{CA32E296-7353-4033-B740-C9A4A6AF0E64}.Debug|Any CPU.Build.0 = Debug|Any CPU
		{CA32E296-7353-4033-B740-C9A4A6AF0E64}.Release|Any CPU.ActiveCfg = Release|Any CPU
		{CA32E296-7353-4033-B740-C9A4A6AF0E64}.Release|Any CPU.Build.0 = Release|Any CPU
	EndGlobalSection
	GlobalSection(SolutionProperties) = preSolution
		HideSolutionNode = FALSE
	EndGlobalSection
	GlobalSection(ExtensibilityGlobals) = postSolution
		SolutionGuid = {7C1E4240-7536-4965-A5E0-17095B52224F}
	EndGlobalSection
EndGlobal
