
Microsoft Visual Studio Solution File, Format Version 12.00
# Visual Studio 15
VisualStudioVersion = 15.0.28010.2019
MinimumVisualStudioVersion = 10.0.40219.1
Project("{FAE04EC0-301F-11D3-BF4B-00C04F79EFBC}") = "Polynomial", "Polynomial\Polynomial.csproj", "{0F532AEB-AF19-41F9-87A3-8C500520CDBC}"
EndProject
Project("{FAE04EC0-301F-11D3-BF4B-00C04F79EFBC}") = "Polynomial.Tests", "Polynomial.Tests\Polynomial.Tests.csproj", "{01619743-0A5A-46BB-98A5-D105475ACA4B}"
EndProject
Global
	GlobalSection(SolutionConfigurationPlatforms) = preSolution
		Debug|Any CPU = Debug|Any CPU
		Release|Any CPU = Release|Any CPU
	EndGlobalSection
	GlobalSection(ProjectConfigurationPlatforms) = postSolution
		{0F532AEB-AF19-41F9-87A3-8C500520CDBC}.Debug|Any CPU.ActiveCfg = Debug|Any CPU
		{0F532AEB-AF19-41F9-87A3-8C500520CDBC}.Debug|Any CPU.Build.0 = Debug|Any CPU
		{0F532AEB-AF19-41F9-87A3-8C500520CDBC}.Release|Any CPU.ActiveCfg = Release|Any CPU
		{0F532AEB-AF19-41F9-87A3-8C500520CDBC}.Release|Any CPU.Build.0 = Release|Any CPU
		{01619743-0A5A-46BB-98A5-D105475ACA4B}.Debug|Any CPU.ActiveCfg = Debug|Any CPU
		{01619743-0A5A-46BB-98A5-D105475ACA4B}.Debug|Any CPU.Build.0 = Debug|Any CPU
		{01619743-0A5A-46BB-98A5-D105475ACA4B}.Release|Any CPU.ActiveCfg = Release|Any CPU
		{01619743-0A5A-46BB-98A5-D105475ACA4B}.Release|Any CPU.Build.0 = Release|Any CPU
	EndGlobalSection
	GlobalSection(SolutionProperties) = preSolution
		HideSolutionNode = FALSE
	EndGlobalSection
	GlobalSection(ExtensibilityGlobals) = postSolution
		SolutionGuid = {B4C0FE9E-500A-44A6-8C0F-7867207CB204}
	EndGlobalSection
EndGlobal
